{
  "originHash" : "b825124f55b60818723b040253c88c1bb91ac18b9d802e77ea830331f89bae14",
  "pins" : [
    {
      "identity" : "filewatcher",
      "kind" : "remoteSourceControl",
      "location" : "https://github.com/eonist/FileWatcher.git",
      "state" : {
        "revision" : "e67c2a99502eade343fecabeca8c57e749a55b59",
        "version" : "0.2.3"
      }
    },
    {
      "identity" : "fuse-swift",
      "kind" : "remoteSourceControl",
      "location" : "https://github.com/krisk/fuse-swift",
      "state" : {
        "branch" : "master",
        "revision" : "26ba868691b2d8b7bf2b1322951eb591be70ccca"
      }
    },
    {
      "identity" : "keyboardshortcuts",
      "kind" : "remoteSourceControl",
      "location" : "https://github.com/sindresorhus/KeyboardShortcuts",
      "state" : {
        "branch" : "main",
        "revision" : "7ecc38bb6edf7d087d30e737057b8d8a9b7f51eb"
      }
    },
    {
      "identity" : "launchatlogin",
      "kind" : "remoteSourceControl",
      "location" : "https://github.com/sindresorhus/LaunchAtLogin",
      "state" : {
        "branch" : "main",
        "revision" : "9a894d799269cb591037f9f9cb0961510d4dca81"
      }
    },
    {
      "identity" : "preferences",
      "kind" : "remoteSourceControl",
      "location" : "https://github.com/sindresorhus/Preferences",
      "state" : {
        "branch" : "main",
        "revision" : "879ea83a7bbc6dbebf62bed8c547f090146372a6"
      }
    },
    {
      "identity" : "swift-argument-parser",
      "kind" : "remoteSourceControl",
      "location" : "https://github.com/apple/swift-argument-parser",
      "state" : {
        "revision" : "6b2aa2748a7881eebb9f84fb10c01293e15b52ca",
        "version" : "0.5.0"
      }
    }
  ],
  "version" : 3
}
